
Microsoft Visual Studio Solution File, Format Version 12.00
# Visual Studio Version 17
VisualStudioVersion = 17.0.31912.275
MinimumVisualStudioVersion = 10.0.40219.1
Project("{FAE04EC0-301F-11D3-BF4B-00C04F79EFBC}") = "BossChanges", "BossChanges\BossChanges.csproj", "{3BA836A2-4B77-41DA-95EB-1B56D710B791}"
EndProject
Global
	GlobalSection(SolutionConfigurationPlatforms) = preSolution
		Debug|Any CPU = Debug|Any CPU
		Release|Any CPU = Release|Any CPU
	EndGlobalSection
	GlobalSection(ProjectConfigurationPlatforms) = postSolution
		{3BA836A2-4B77-41DA-95EB-1B56D710B791}.Debug|Any CPU.ActiveCfg = Debug|Any CPU
		{3BA836A2-4B77-41DA-95EB-1B56D710B791}.Debug|Any CPU.Build.0 = Debug|Any CPU
		{3BA836A2-4B77-41DA-95EB-1B56D710B791}.Release|Any CPU.ActiveCfg = Release|Any CPU
		{3BA836A2-4B77-41DA-95EB-1B56D710B791}.Release|Any CPU.Build.0 = Release|Any CPU
	EndGlobalSection
	GlobalSection(SolutionProperties) = preSolution
		HideSolutionNode = FALSE
	EndGlobalSection
	GlobalSection(ExtensibilityGlobals) = postSolution
		SolutionGuid = {85BD1D26-BBDA-4E81-884D-E566D70DD47A}
	EndGlobalSection
EndGlobal
