
Microsoft Visual Studio Solution File, Format Version 12.00
# Visual Studio Version 17
VisualStudioVersion = 17.0.31912.275
MinimumVisualStudioVersion = 10.0.40219.1
Project("{FAE04EC0-301F-11D3-BF4B-00C04F79EFBC}") = "ExpertPlusMod", "ExpertPlusMod\ExpertPlusMod.csproj", "{DAD58E57-1324-400A-865D-6BAAC9D29052}"
EndProject
Global
	GlobalSection(SolutionConfigurationPlatforms) = preSolution
		Debug|Any CPU = Debug|Any CPU
		Release|Any CPU = Release|Any CPU
	EndGlobalSection
	GlobalSection(ProjectConfigurationPlatforms) = postSolution
		{DAD58E57-1324-400A-865D-6BAAC9D29052}.Debug|Any CPU.ActiveCfg = Debug|Any CPU
		{DAD58E57-1324-400A-865D-6BAAC9D29052}.Debug|Any CPU.Build.0 = Debug|Any CPU
		{DAD58E57-1324-400A-865D-6BAAC9D29052}.Release|Any CPU.ActiveCfg = Release|Any CPU
		{DAD58E57-1324-400A-865D-6BAAC9D29052}.Release|Any CPU.Build.0 = Release|Any CPU
	EndGlobalSection
	GlobalSection(SolutionProperties) = preSolution
		HideSolutionNode = FALSE
	EndGlobalSection
	GlobalSection(ExtensibilityGlobals) = postSolution
		SolutionGuid = {B7460A20-B2BA-4D5E-9BCA-7B6B6053020D}
	EndGlobalSection
EndGlobal
