
Microsoft Visual Studio Solution File, Format Version 12.00
# Visual Studio Version 17
VisualStudioVersion = 17.0.31912.275
MinimumVisualStudioVersion = 10.0.40219.1
Project("{FAE04EC0-301F-11D3-BF4B-00C04F79EFBC}") = "FoxOrbGenderLockRemoval", "FoxOrbGenderLockRemoval\FoxOrbGenderLockRemoval.csproj", "{B38562A6-1520-43DD-93AD-E633BF3C05C2}"
EndProject
Global
	GlobalSection(SolutionConfigurationPlatforms) = preSolution
		Debug|Any CPU = Debug|Any CPU
		Release|Any CPU = Release|Any CPU
	EndGlobalSection
	GlobalSection(ProjectConfigurationPlatforms) = postSolution
		{B38562A6-1520-43DD-93AD-E633BF3C05C2}.Debug|Any CPU.ActiveCfg = Debug|Any CPU
		{B38562A6-1520-43DD-93AD-E633BF3C05C2}.Debug|Any CPU.Build.0 = Debug|Any CPU
		{B38562A6-1520-43DD-93AD-E633BF3C05C2}.Release|Any CPU.ActiveCfg = Release|Any CPU
		{B38562A6-1520-43DD-93AD-E633BF3C05C2}.Release|Any CPU.Build.0 = Release|Any CPU
	EndGlobalSection
	GlobalSection(SolutionProperties) = preSolution
		HideSolutionNode = FALSE
	EndGlobalSection
	GlobalSection(ExtensibilityGlobals) = postSolution
		SolutionGuid = {301BF778-3794-41F0-8478-8EC6DB9E189F}
	EndGlobalSection
EndGlobal
